
Microsoft Visual Studio Solution File, Format Version 12.00
# Visual Studio Version 17
VisualStudioVersion = 17.9.34728.123
MinimumVisualStudioVersion = 10.0.40219.1
Project("{FAE04EC0-301F-11D3-BF4B-00C04F79EFBC}") = "NZWalks.API", "NZWalks.API\NZWalks.API.csproj", "{99B03817-941C-4CC9-87FC-4DFA00BC0F75}"
EndProject
Global
	GlobalSection(SolutionConfigurationPlatforms) = preSolution
		Debug|Any CPU = Debug|Any CPU
		Release|Any CPU = Release|Any CPU
	EndGlobalSection
	GlobalSection(ProjectConfigurationPlatforms) = postSolution
		{99B03817-941C-4CC9-87FC-4DFA00BC0F75}.Debug|Any CPU.ActiveCfg = Debug|Any CPU
		{99B03817-941C-4CC9-87FC-4DFA00BC0F75}.Debug|Any CPU.Build.0 = Debug|Any CPU
		{99B03817-941C-4CC9-87FC-4DFA00BC0F75}.Release|Any CPU.ActiveCfg = Release|Any CPU
		{99B03817-941C-4CC9-87FC-4DFA00BC0F75}.Release|Any CPU.Build.0 = Release|Any CPU
	EndGlobalSection
	GlobalSection(SolutionProperties) = preSolution
		HideSolutionNode = FALSE
	EndGlobalSection
	GlobalSection(ExtensibilityGlobals) = postSolution
		SolutionGuid = {9076BEFD-B573-43FD-AB07-8F1087BFA5A7}
	EndGlobalSection
EndGlobal
